
Microsoft Visual Studio Solution File, Format Version 12.00
# Visual Studio Version 17
VisualStudioVersion = 17.14.36408.4 d17.14
MinimumVisualStudioVersion = 10.0.40219.1
Project("{FAE04EC0-301F-11D3-BF4B-00C04F79EFBC}") = "WarrantyManagement.API", "WarrantyManagement.API\WarrantyManagement.API.csproj", "{A947F6E0-ED0D-439B-9799-E454F5F3C49E}"
EndProject
Project("{FAE04EC0-301F-11D3-BF4B-00C04F79EFBC}") = "WarrantyManagement.BLL", "WarrantyManagement.BLL\WarrantyManagement.BLL.csproj", "{23F6968F-A920-4F41-AC79-A155569CDEBA}"
EndProject
Project("{FAE04EC0-301F-11D3-BF4B-00C04F79EFBC}") = "WarrantyManagement.DAL", "WarrantyManagement.DLL\WarrantyManagement.DAL.csproj", "{D72D5D9D-0B7D-4F71-9AB7-D7FE3CDB3CFC}"
EndProject
Global
	GlobalSection(SolutionConfigurationPlatforms) = preSolution
		Debug|Any CPU = Debug|Any CPU
		Release|Any CPU = Release|Any CPU
	EndGlobalSection
	GlobalSection(ProjectConfigurationPlatforms) = postSolution
		{A947F6E0-ED0D-439B-9799-E454F5F3C49E}.Debug|Any CPU.ActiveCfg = Debug|Any CPU
		{A947F6E0-ED0D-439B-9799-E454F5F3C49E}.Debug|Any CPU.Build.0 = Debug|Any CPU
		{A947F6E0-ED0D-439B-9799-E454F5F3C49E}.Release|Any CPU.ActiveCfg = Release|Any CPU
		{A947F6E0-ED0D-439B-9799-E454F5F3C49E}.Release|Any CPU.Build.0 = Release|Any CPU
		{23F6968F-A920-4F41-AC79-A155569CDEBA}.Debug|Any CPU.ActiveCfg = Debug|Any CPU
		{23F6968F-A920-4F41-AC79-A155569CDEBA}.Debug|Any CPU.Build.0 = Debug|Any CPU
		{23F6968F-A920-4F41-AC79-A155569CDEBA}.Release|Any CPU.ActiveCfg = Release|Any CPU
		{23F6968F-A920-4F41-AC79-A155569CDEBA}.Release|Any CPU.Build.0 = Release|Any CPU
		{D72D5D9D-0B7D-4F71-9AB7-D7FE3CDB3CFC}.Debug|Any CPU.ActiveCfg = Debug|Any CPU
		{D72D5D9D-0B7D-4F71-9AB7-D7FE3CDB3CFC}.Debug|Any CPU.Build.0 = Debug|Any CPU
		{D72D5D9D-0B7D-4F71-9AB7-D7FE3CDB3CFC}.Release|Any CPU.ActiveCfg = Release|Any CPU
		{D72D5D9D-0B7D-4F71-9AB7-D7FE3CDB3CFC}.Release|Any CPU.Build.0 = Release|Any CPU
	EndGlobalSection
	GlobalSection(SolutionProperties) = preSolution
		HideSolutionNode = FALSE
	EndGlobalSection
	GlobalSection(ExtensibilityGlobals) = postSolution
		SolutionGuid = {0B68A43B-3846-4F9E-9A5C-8BFE8C070AD8}
	EndGlobalSection
EndGlobal
